// !$*UTF8*$!
{
	archiveVersion = 1;
	classes = {
	};
	objectVersion = 51;
	objects = {

/* Begin PBXBuildFile section */
		790F54BE24C660C900EFF949 /* ListUsersViewController.swift in Sources */ = {isa = PBXBuildFile; fileRef = 790F54BD24C660C900EFF949 /* ListUsersViewController.swift */; };
		7934A93B24AAA66B0014D2F5 /* CreateDocViewController.swift in Sources */ = {isa = PBXBuildFile; fileRef = 7934A93A24AAA66B0014D2F5 /* CreateDocViewController.swift */; };
		79782AB124C7AF5700E5DC36 /* ListDownloadedDocReqsViewController.swift in Sources */ = {isa = PBXBuildFile; fileRef = 79782AB024C7AF5700E5DC36 /* ListDownloadedDocReqsViewController.swift */; };
		7987253A248D4C2A00F82618 /* AppDelegate.swift in Sources */ = {isa = PBXBuildFile; fileRef = 79872539248D4C2A00F82618 /* AppDelegate.swift */; };
		7987253C248D4C2A00F82618 /* SceneDelegate.swift in Sources */ = {isa = PBXBuildFile; fileRef = 7987253B248D4C2A00F82618 /* SceneDelegate.swift */; };
		7987253E248D4C2A00F82618 /* ViewController.swift in Sources */ = {isa = PBXBuildFile; fileRef = 7987253D248D4C2A00F82618 /* ViewController.swift */; };
		79872541248D4C2A00F82618 /* Main.storyboard in Resources */ = {isa = PBXBuildFile; fileRef = 7987253F248D4C2A00F82618 /* Main.storyboard */; };
		79872543248D4C2B00F82618 /* Assets.xcassets in Resources */ = {isa = PBXBuildFile; fileRef = 79872542248D4C2B00F82618 /* Assets.xcassets */; };
		79872546248D4C2B00F82618 /* LaunchScreen.storyboard in Resources */ = {isa = PBXBuildFile; fileRef = 79872544248D4C2B00F82618 /* LaunchScreen.storyboard */; };
		7987254E248D73B300F82618 /* SignUpViewController.swift in Sources */ = {isa = PBXBuildFile; fileRef = 7987254D248D73B300F82618 /* SignUpViewController.swift */; };
		79872550248D73C500F82618 /* LoginViewController.swift in Sources */ = {isa = PBXBuildFile; fileRef = 7987254F248D73C500F82618 /* LoginViewController.swift */; };
		79872552248D73E400F82618 /* HomeViewController.swift in Sources */ = {isa = PBXBuildFile; fileRef = 79872551248D73E400F82618 /* HomeViewController.swift */; };
		79872555248D806600F82618 /* Utilities.swift in Sources */ = {isa = PBXBuildFile; fileRef = 79872554248D806600F82618 /* Utilities.swift */; };
		7987255C248DC3D300F82618 /* Constants.swift in Sources */ = {isa = PBXBuildFile; fileRef = 7987255B248DC3D300F82618 /* Constants.swift */; };
		7987255E248EE7C000F82618 /* iOSDropDown.framework in Frameworks */ = {isa = PBXBuildFile; fileRef = 7987255D248EE7C000F82618 /* iOSDropDown.framework */; };
		79872560248EE81B00F82618 /* ListDocsViewController.swift in Sources */ = {isa = PBXBuildFile; fileRef = 7987255F248EE81B00F82618 /* ListDocsViewController.swift */; };
		798B942424BE5C1E006C1A03 /* CheckoutViewController.swift in Sources */ = {isa = PBXBuildFile; fileRef = 798B942324BE5C1E006C1A03 /* CheckoutViewController.swift */; };
		7994071024B9579000F356ED /* ViewPDFAfterSnapshotViewController.swift in Sources */ = {isa = PBXBuildFile; fileRef = 7994070F24B9579000F356ED /* ViewPDFAfterSnapshotViewController.swift */; };
		7994071224BA452000F356ED /* DownloadPDFViewController.swift in Sources */ = {isa = PBXBuildFile; fileRef = 7994071124BA452000F356ED /* DownloadPDFViewController.swift */; };
		7994071424BA81AE00F356ED /* BuyPDFViewController.swift in Sources */ = {isa = PBXBuildFile; fileRef = 7994071324BA81AE00F356ED /* BuyPDFViewController.swift */; };
		799CFD5224B3D8C80018C23A /* ListDocsTableViewCell.swift in Sources */ = {isa = PBXBuildFile; fileRef = 799CFD5024B3D8C80018C23A /* ListDocsTableViewCell.swift */; };
		799CFD5324B3D8C80018C23A /* ListDocsTableViewCell.xib in Resources */ = {isa = PBXBuildFile; fileRef = 799CFD5124B3D8C80018C23A /* ListDocsTableViewCell.xib */; };
		799CFD5824B7C8970018C23A /* CameraViewController.swift in Sources */ = {isa = PBXBuildFile; fileRef = 799CFD5724B7C8970018C23A /* CameraViewController.swift */; };
		799DC10624CBE1BB00A29E8F /* GoogleService-Info.plist in Resources */ = {isa = PBXBuildFile; fileRef = 799DC10524CBE1BB00A29E8F /* GoogleService-Info.plist */; };
		973EBEBBEB12A8A1AE6E7B4A /* Pods_DocumentMarketplace.framework in Frameworks */ = {isa = PBXBuildFile; fileRef = FC4674B16C432488D53875F9 /* Pods_DocumentMarketplace.framework */; };
/* End PBXBuildFile section */

/* Begin PBXFileReference section */
		6C9B2D216778CC1723B68B67 /* Pods-DocumentMarketplace.debug.xcconfig */ = {isa = PBXFileReference; includeInIndex = 1; lastKnownFileType = text.xcconfig; name = "Pods-DocumentMarketplace.debug.xcconfig"; path = "Target Support Files/Pods-DocumentMarketplace/Pods-DocumentMarketplace.debug.xcconfig"; sourceTree = "<group>"; };
		790F54BD24C660C900EFF949 /* ListUsersViewController.swift */ = {isa = PBXFileReference; lastKnownFileType = sourcecode.swift; path = ListUsersViewController.swift; sourceTree = "<group>"; };
		7934A93A24AAA66B0014D2F5 /* CreateDocViewController.swift */ = {isa = PBXFileReference; lastKnownFileType = sourcecode.swift; path = CreateDocViewController.swift; sourceTree = "<group>"; };
		79782AB024C7AF5700E5DC36 /* ListDownloadedDocReqsViewController.swift */ = {isa = PBXFileReference; lastKnownFileType = sourcecode.swift; path = ListDownloadedDocReqsViewController.swift; sourceTree = "<group>"; };
		79872536248D4C2A00F82618 /* DocumentMarketplace.app */ = {isa = PBXFileReference; explicitFileType = wrapper.application; includeInIndex = 0; path = DocumentMarketplace.app; sourceTree = BUILT_PRODUCTS_DIR; };
		79872539248D4C2A00F82618 /* AppDelegate.swift */ = {isa = PBXFileReference; lastKnownFileType = sourcecode.swift; path = AppDelegate.swift; sourceTree = "<group>"; };
		7987253B248D4C2A00F82618 /* SceneDelegate.swift */ = {isa = PBXFileReference; lastKnownFileType = sourcecode.swift; path = SceneDelegate.swift; sourceTree = "<group>"; };
		7987253D248D4C2A00F82618 /* ViewController.swift */ = {isa = PBXFileReference; lastKnownFileType = sourcecode.swift; path = ViewController.swift; sourceTree = "<group>"; };
		79872540248D4C2A00F82618 /* Base */ = {isa = PBXFileReference; lastKnownFileType = file.storyboard; name = Base; path = Base.lproj/Main.storyboard; sourceTree = "<group>"; };
		79872542248D4C2B00F82618 /* Assets.xcassets */ = {isa = PBXFileReference; lastKnownFileType = folder.assetcatalog; path = Assets.xcassets; sourceTree = "<group>"; };
		79872545248D4C2B00F82618 /* Base */ = {isa = PBXFileReference; lastKnownFileType = file.storyboard; name = Base; path = Base.lproj/LaunchScreen.storyboard; sourceTree = "<group>"; };
		79872547248D4C2B00F82618 /* Info.plist */ = {isa = PBXFileReference; lastKnownFileType = text.plist.xml; path = Info.plist; sourceTree = "<group>"; };
		7987254D248D73B300F82618 /* SignUpViewController.swift */ = {isa = PBXFileReference; lastKnownFileType = sourcecode.swift; path = SignUpViewController.swift; sourceTree = "<group>"; };
		7987254F248D73C500F82618 /* LoginViewController.swift */ = {isa = PBXFileReference; lastKnownFileType = sourcecode.swift; path = LoginViewController.swift; sourceTree = "<group>"; };
		79872551248D73E400F82618 /* HomeViewController.swift */ = {isa = PBXFileReference; lastKnownFileType = sourcecode.swift; path = HomeViewController.swift; sourceTree = "<group>"; };
		79872554248D806600F82618 /* Utilities.swift */ = {isa = PBXFileReference; fileEncoding = 4; lastKnownFileType = sourcecode.swift; path = Utilities.swift; sourceTree = "<group>"; };
		7987255B248DC3D300F82618 /* Constants.swift */ = {isa = PBXFileReference; lastKnownFileType = sourcecode.swift; path = Constants.swift; sourceTree = "<group>"; };
		7987255D248EE7C000F82618 /* iOSDropDown.framework */ = {isa = PBXFileReference; explicitFileType = wrapper.framework; path = iOSDropDown.framework; sourceTree = BUILT_PRODUCTS_DIR; };
		7987255F248EE81B00F82618 /* ListDocsViewController.swift */ = {isa = PBXFileReference; lastKnownFileType = sourcecode.swift; path = ListDocsViewController.swift; sourceTree = "<group>"; };
		798B942324BE5C1E006C1A03 /* CheckoutViewController.swift */ = {isa = PBXFileReference; lastKnownFileType = sourcecode.swift; path = CheckoutViewController.swift; sourceTree = "<group>"; };
		7994070F24B9579000F356ED /* ViewPDFAfterSnapshotViewController.swift */ = {isa = PBXFileReference; lastKnownFileType = sourcecode.swift; path = ViewPDFAfterSnapshotViewController.swift; sourceTree = "<group>"; };
		7994071124BA452000F356ED /* DownloadPDFViewController.swift */ = {isa = PBXFileReference; lastKnownFileType = sourcecode.swift; path = DownloadPDFViewController.swift; sourceTree = "<group>"; };
		7994071324BA81AE00F356ED /* BuyPDFViewController.swift */ = {isa = PBXFileReference; lastKnownFileType = sourcecode.swift; path = BuyPDFViewController.swift; sourceTree = "<group>"; };
		799CFD5024B3D8C80018C23A /* ListDocsTableViewCell.swift */ = {isa = PBXFileReference; lastKnownFileType = sourcecode.swift; path = ListDocsTableViewCell.swift; sourceTree = "<group>"; };
		799CFD5124B3D8C80018C23A /* ListDocsTableViewCell.xib */ = {isa = PBXFileReference; lastKnownFileType = file.xib; path = ListDocsTableViewCell.xib; sourceTree = "<group>"; };
		799CFD5724B7C8970018C23A /* CameraViewController.swift */ = {isa = PBXFileReference; lastKnownFileType = sourcecode.swift; path = CameraViewController.swift; sourceTree = "<group>"; };
		799DC10524CBE1BB00A29E8F /* GoogleService-Info.plist */ = {isa = PBXFileReference; fileEncoding = 4; lastKnownFileType = text.plist.xml; name = "GoogleService-Info.plist"; path = "DocumentMarketplace/GoogleService-Info.plist"; sourceTree = SOURCE_ROOT; };
		CC8B9E7B4F620A5A413D86CB /* Pods-DocumentMarketplace.release.xcconfig */ = {isa = PBXFileReference; includeInIndex = 1; lastKnownFileType = text.xcconfig; name = "Pods-DocumentMarketplace.release.xcconfig"; path = "Target Support Files/Pods-DocumentMarketplace/Pods-DocumentMarketplace.release.xcconfig"; sourceTree = "<group>"; };
		FC4674B16C432488D53875F9 /* Pods_DocumentMarketplace.framework */ = {isa = PBXFileReference; explicitFileType = wrapper.framework; includeInIndex = 0; path = Pods_DocumentMarketplace.framework; sourceTree = BUILT_PRODUCTS_DIR; };
/* End PBXFileReference section */

/* Begin PBXFrameworksBuildPhase section */
		79872533248D4C2A00F82618 /* Frameworks */ = {
			isa = PBXFrameworksBuildPhase;
			buildActionMask = 2147483647;
			files = (
				7987255E248EE7C000F82618 /* iOSDropDown.framework in Frameworks */,
				973EBEBBEB12A8A1AE6E7B4A /* Pods_DocumentMarketplace.framework in Frameworks */,
			);
			runOnlyForDeploymentPostprocessing = 0;
		};
/* End PBXFrameworksBuildPhase section */

/* Begin PBXGroup section */
		7987252D248D4C2A00F82618 = {
			isa = PBXGroup;
			children = (
				79872538248D4C2A00F82618 /* DocumentMarketplace */,
				79872537248D4C2A00F82618 /* Products */,
				CBFF07710A34C2A904FEEFF1 /* Pods */,
				AF067E61B12A39AD1EC4D1AC /* Frameworks */,
			);
			sourceTree = "<group>";
		};
		79872537248D4C2A00F82618 /* Products */ = {
			isa = PBXGroup;
			children = (
				79872536248D4C2A00F82618 /* DocumentMarketplace.app */,
			);
			name = Products;
			sourceTree = "<group>";
		};
		79872538248D4C2A00F82618 /* DocumentMarketplace */ = {
			isa = PBXGroup;
			children = (
				799DC10524CBE1BB00A29E8F /* GoogleService-Info.plist */,
				799CFD5424B6ADCD0018C23A /* Supporting Files */,
				79F413FC24AFFAB900B04AF6 /* TableViews */,
				79872556248D806D00F82618 /* Helpers */,
				79872539248D4C2A00F82618 /* AppDelegate.swift */,
				7987253B248D4C2A00F82618 /* SceneDelegate.swift */,
				7987253F248D4C2A00F82618 /* Main.storyboard */,
				79872542248D4C2B00F82618 /* Assets.xcassets */,
				79872544248D4C2B00F82618 /* LaunchScreen.storyboard */,
				79872547248D4C2B00F82618 /* Info.plist */,
				79872553248D74D700F82618 /* ViewControllers */,
			);
			path = DocumentMarketplace;
			sourceTree = "<group>";
		};
		79872553248D74D700F82618 /* ViewControllers */ = {
			isa = PBXGroup;
			children = (
				7987253D248D4C2A00F82618 /* ViewController.swift */,
				7987254D248D73B300F82618 /* SignUpViewController.swift */,
				7987254F248D73C500F82618 /* LoginViewController.swift */,
				79872551248D73E400F82618 /* HomeViewController.swift */,
				7987255F248EE81B00F82618 /* ListDocsViewController.swift */,
				7934A93A24AAA66B0014D2F5 /* CreateDocViewController.swift */,
				799CFD5724B7C8970018C23A /* CameraViewController.swift */,
				7994070F24B9579000F356ED /* ViewPDFAfterSnapshotViewController.swift */,
				7994071124BA452000F356ED /* DownloadPDFViewController.swift */,
				7994071324BA81AE00F356ED /* BuyPDFViewController.swift */,
				798B942324BE5C1E006C1A03 /* CheckoutViewController.swift */,
				790F54BD24C660C900EFF949 /* ListUsersViewController.swift */,
				79782AB024C7AF5700E5DC36 /* ListDownloadedDocReqsViewController.swift */,
			);
			path = ViewControllers;
			sourceTree = "<group>";
		};
		79872556248D806D00F82618 /* Helpers */ = {
			isa = PBXGroup;
			children = (
				79872554248D806600F82618 /* Utilities.swift */,
				7987255B248DC3D300F82618 /* Constants.swift */,
			);
			path = Helpers;
			sourceTree = "<group>";
		};
		799CFD5424B6ADCD0018C23A /* Supporting Files */ = {
			isa = PBXGroup;
			children = (
			);
			path = "Supporting Files";
			sourceTree = "<group>";
		};
		79F413FC24AFFAB900B04AF6 /* TableViews */ = {
			isa = PBXGroup;
			children = (
				799CFD5024B3D8C80018C23A /* ListDocsTableViewCell.swift */,
				799CFD5124B3D8C80018C23A /* ListDocsTableViewCell.xib */,
			);
			path = TableViews;
			sourceTree = "<group>";
		};
		AF067E61B12A39AD1EC4D1AC /* Frameworks */ = {
			isa = PBXGroup;
			children = (
				7987255D248EE7C000F82618 /* iOSDropDown.framework */,
				FC4674B16C432488D53875F9 /* Pods_DocumentMarketplace.framework */,
			);
			name = Frameworks;
			sourceTree = "<group>";
		};
		CBFF07710A34C2A904FEEFF1 /* Pods */ = {
			isa = PBXGroup;
			children = (
				6C9B2D216778CC1723B68B67 /* Pods-DocumentMarketplace.debug.xcconfig */,
				CC8B9E7B4F620A5A413D86CB /* Pods-DocumentMarketplace.release.xcconfig */,
			);
			path = Pods;
			sourceTree = "<group>";
		};
/* End PBXGroup section */

/* Begin PBXNativeTarget section */
		79872535248D4C2A00F82618 /* DocumentMarketplace */ = {
			isa = PBXNativeTarget;
			buildConfigurationList = 7987254A248D4C2B00F82618 /* Build configuration list for PBXNativeTarget "DocumentMarketplace" */;
			buildPhases = (
				722E750014BD21D4EEDFDCAA /* [CP] Check Pods Manifest.lock */,
				79872532248D4C2A00F82618 /* Sources */,
				79872533248D4C2A00F82618 /* Frameworks */,
				79872534248D4C2A00F82618 /* Resources */,
				E6396B4F38FDB261C4BA6F0A /* [CP] Embed Pods Frameworks */,
			);
			buildRules = (
			);
			dependencies = (
			);
			name = DocumentMarketplace;
			productName = DocumentMarketplace;
			productReference = 79872536248D4C2A00F82618 /* DocumentMarketplace.app */;
			productType = "com.apple.product-type.application";
		};
/* End PBXNativeTarget section */

/* Begin PBXProject section */
		7987252E248D4C2A00F82618 /* Project object */ = {
			isa = PBXProject;
			attributes = {
				LastSwiftUpdateCheck = 1130;
				LastUpgradeCheck = 1130;
				ORGANIZATIONNAME = "Jake Stocker";
				TargetAttributes = {
					79872535248D4C2A00F82618 = {
						CreatedOnToolsVersion = 11.3.1;
					};
				};
			};
			buildConfigurationList = 79872531248D4C2A00F82618 /* Build configuration list for PBXProject "DocumentMarketplace" */;
			compatibilityVersion = "Xcode 9.3";
			developmentRegion = en;
			hasScannedForEncodings = 0;
			knownRegions = (
				en,
				Base,
			);
			mainGroup = 7987252D248D4C2A00F82618;
			productRefGroup = 79872537248D4C2A00F82618 /* Products */;
			projectDirPath = "";
			projectRoot = "";
			targets = (
				79872535248D4C2A00F82618 /* DocumentMarketplace */,
			);
		};
/* End PBXProject section */

/* Begin PBXResourcesBuildPhase section */
		79872534248D4C2A00F82618 /* Resources */ = {
			isa = PBXResourcesBuildPhase;
			buildActionMask = 2147483647;
			files = (
				79872546248D4C2B00F82618 /* LaunchScreen.storyboard in Resources */,
				799CFD5324B3D8C80018C23A /* ListDocsTableViewCell.xib in Resources */,
				799DC10624CBE1BB00A29E8F /* GoogleService-Info.plist in Resources */,
				79872543248D4C2B00F82618 /* Assets.xcassets in Resources */,
				79872541248D4C2A00F82618 /* Main.storyboard in Resources */,
			);
			runOnlyForDeploymentPostprocessing = 0;
		};
/* End PBXResourcesBuildPhase section */

/* Begin PBXShellScriptBuildPhase section */
		722E750014BD21D4EEDFDCAA /* [CP] Check Pods Manifest.lock */ = {
			isa = PBXShellScriptBuildPhase;
			buildActionMask = 2147483647;
			files = (
			);
			inputFileListPaths = (
			);
			inputPaths = (
				"${PODS_PODFILE_DIR_PATH}/Podfile.lock",
				"${PODS_ROOT}/Manifest.lock",
			);
			name = "[CP] Check Pods Manifest.lock";
			outputFileListPaths = (
			);
			outputPaths = (
				"$(DERIVED_FILE_DIR)/Pods-DocumentMarketplace-checkManifestLockResult.txt",
			);
			runOnlyForDeploymentPostprocessing = 0;
			shellPath = /bin/sh;
			shellScript = "diff \"${PODS_PODFILE_DIR_PATH}/Podfile.lock\" \"${PODS_ROOT}/Manifest.lock\" > /dev/null\nif [ $? != 0 ] ; then\n    # print error to STDERR\n    echo \"error: The sandbox is not in sync with the Podfile.lock. Run 'pod install' or update your CocoaPods installation.\" >&2\n    exit 1\nfi\n# This output is used by Xcode 'outputs' to avoid re-running this script phase.\necho \"SUCCESS\" > \"${SCRIPT_OUTPUT_FILE_0}\"\n";
			showEnvVarsInLog = 0;
		};
		E6396B4F38FDB261C4BA6F0A /* [CP] Embed Pods Frameworks */ = {
			isa = PBXShellScriptBuildPhase;
			buildActionMask = 2147483647;
			files = (
			);
			inputFileListPaths = (
				"${PODS_ROOT}/Target Support Files/Pods-DocumentMarketplace/Pods-DocumentMarketplace-frameworks-${CONFIGURATION}-input-files.xcfilelist",
			);
			name = "[CP] Embed Pods Frameworks";
			outputFileListPaths = (
				"${PODS_ROOT}/Target Support Files/Pods-DocumentMarketplace/Pods-DocumentMarketplace-frameworks-${CONFIGURATION}-output-files.xcfilelist",
			);
			runOnlyForDeploymentPostprocessing = 0;
			shellPath = /bin/sh;
			shellScript = "\"${PODS_ROOT}/Target Support Files/Pods-DocumentMarketplace/Pods-DocumentMarketplace-frameworks.sh\"\n";
			showEnvVarsInLog = 0;
		};
/* End PBXShellScriptBuildPhase section */

/* Begin PBXSourcesBuildPhase section */
		79872532248D4C2A00F82618 /* Sources */ = {
			isa = PBXSourcesBuildPhase;
			buildActionMask = 2147483647;
			files = (
				7987253E248D4C2A00F82618 /* ViewController.swift in Sources */,
				7994071224BA452000F356ED /* DownloadPDFViewController.swift in Sources */,
				7994071424BA81AE00F356ED /* BuyPDFViewController.swift in Sources */,
				7987253A248D4C2A00F82618 /* AppDelegate.swift in Sources */,
				79872555248D806600F82618 /* Utilities.swift in Sources */,
				79782AB124C7AF5700E5DC36 /* ListDownloadedDocReqsViewController.swift in Sources */,
				7987254E248D73B300F82618 /* SignUpViewController.swift in Sources */,
				79872550248D73C500F82618 /* LoginViewController.swift in Sources */,
				799CFD5824B7C8970018C23A /* CameraViewController.swift in Sources */,
				7934A93B24AAA66B0014D2F5 /* CreateDocViewController.swift in Sources */,
				7987255C248DC3D300F82618 /* Constants.swift in Sources */,
				790F54BE24C660C900EFF949 /* ListUsersViewController.swift in Sources */,
				799CFD5224B3D8C80018C23A /* ListDocsTableViewCell.swift in Sources */,
				7987253C248D4C2A00F82618 /* SceneDelegate.swift in Sources */,
				798B942424BE5C1E006C1A03 /* CheckoutViewController.swift in Sources */,
				79872560248EE81B00F82618 /* ListDocsViewController.swift in Sources */,
				79872552248D73E400F82618 /* HomeViewController.swift in Sources */,
				7994071024B9579000F356ED /* ViewPDFAfterSnapshotViewController.swift in Sources */,
			);
			runOnlyForDeploymentPostprocessing = 0;
		};
/* End PBXSourcesBuildPhase section */

/* Begin PBXVariantGroup section */
		7987253F248D4C2A00F82618 /* Main.storyboard */ = {
			isa = PBXVariantGroup;
			children = (
				79872540248D4C2A00F82618 /* Base */,
			);
			name = Main.storyboard;
			sourceTree = "<group>";
		};
		79872544248D4C2B00F82618 /* LaunchScreen.storyboard */ = {
			isa = PBXVariantGroup;
			children = (
				79872545248D4C2B00F82618 /* Base */,
			);
			name = LaunchScreen.storyboard;
			sourceTree = "<group>";
		};
/* End PBXVariantGroup section */

/* Begin XCBuildConfiguration section */
		79872548248D4C2B00F82618 /* Debug */ = {
			isa = XCBuildConfiguration;
			buildSettings = {
				ALWAYS_SEARCH_USER_PATHS = NO;
				CLANG_ANALYZER_NONNULL = YES;
				CLANG_ANALYZER_NUMBER_OBJECT_CONVERSION = YES_AGGRESSIVE;
				CLANG_CXX_LANGUAGE_STANDARD = "gnu++14";
				CLANG_CXX_LIBRARY = "libc++";
				CLANG_ENABLE_MODULES = YES;
				CLANG_ENABLE_OBJC_ARC = YES;
				CLANG_ENABLE_OBJC_WEAK = YES;
				CLANG_WARN_BLOCK_CAPTURE_AUTORELEASING = YES;
				CLANG_WARN_BOOL_CONVERSION = YES;
				CLANG_WARN_COMMA = YES;
				CLANG_WARN_CONSTANT_CONVERSION = YES;
				CLANG_WARN_DEPRECATED_OBJC_IMPLEMENTATIONS = YES;
				CLANG_WARN_DIRECT_OBJC_ISA_USAGE = YES_ERROR;
				CLANG_WARN_DOCUMENTATION_COMMENTS = YES;
				CLANG_WARN_EMPTY_BODY = YES;
				CLANG_WARN_ENUM_CONVERSION = YES;
				CLANG_WARN_INFINITE_RECURSION = YES;
				CLANG_WARN_INT_CONVERSION = YES;
				CLANG_WARN_NON_LITERAL_NULL_CONVERSION = YES;
				CLANG_WARN_OBJC_IMPLICIT_RETAIN_SELF = YES;
				CLANG_WARN_OBJC_LITERAL_CONVERSION = YES;
				CLANG_WARN_OBJC_ROOT_CLASS = YES_ERROR;
				CLANG_WARN_RANGE_LOOP_ANALYSIS = YES;
				CLANG_WARN_STRICT_PROTOTYPES = YES;
				CLANG_WARN_SUSPICIOUS_MOVE = YES;
				CLANG_WARN_UNGUARDED_AVAILABILITY = YES_AGGRESSIVE;
				CLANG_WARN_UNREACHABLE_CODE = YES;
				CLANG_WARN__DUPLICATE_METHOD_MATCH = YES;
				COPY_PHASE_STRIP = NO;
				DEBUG_INFORMATION_FORMAT = dwarf;
				ENABLE_STRICT_OBJC_MSGSEND = YES;
				ENABLE_TESTABILITY = YES;
				GCC_C_LANGUAGE_STANDARD = gnu11;
				GCC_DYNAMIC_NO_PIC = NO;
				GCC_NO_COMMON_BLOCKS = YES;
				GCC_OPTIMIZATION_LEVEL = 0;
				GCC_PREPROCESSOR_DEFINITIONS = (
					"DEBUG=1",
					"$(inherited)",
				);
				GCC_WARN_64_TO_32_BIT_CONVERSION = YES;
				GCC_WARN_ABOUT_RETURN_TYPE = YES_ERROR;
				GCC_WARN_UNDECLARED_SELECTOR = YES;
				GCC_WARN_UNINITIALIZED_AUTOS = YES_AGGRESSIVE;
				GCC_WARN_UNUSED_FUNCTION = YES;
				GCC_WARN_UNUSED_VARIABLE = YES;
				IPHONEOS_DEPLOYMENT_TARGET = 13.2;
				MTL_ENABLE_DEBUG_INFO = INCLUDE_SOURCE;
				MTL_FAST_MATH = YES;
				ONLY_ACTIVE_ARCH = YES;
				SDKROOT = iphoneos;
				SWIFT_ACTIVE_COMPILATION_CONDITIONS = DEBUG;
				SWIFT_OPTIMIZATION_LEVEL = "-Onone";
			};
			name = Debug;
		};
		79872549248D4C2B00F82618 /* Release */ = {
			isa = XCBuildConfiguration;
			buildSettings = {
				ALWAYS_SEARCH_USER_PATHS = NO;
				CLANG_ANALYZER_NONNULL = YES;
				CLANG_ANALYZER_NUMBER_OBJECT_CONVERSION = YES_AGGRESSIVE;
				CLANG_CXX_LANGUAGE_STANDARD = "gnu++14";
				CLANG_CXX_LIBRARY = "libc++";
				CLANG_ENABLE_MODULES = YES;
				CLANG_ENABLE_OBJC_ARC = YES;
				CLANG_ENABLE_OBJC_WEAK = YES;
				CLANG_WARN_BLOCK_CAPTURE_AUTORELEASING = YES;
				CLANG_WARN_BOOL_CONVERSION = YES;
				CLANG_WARN_COMMA = YES;
				CLANG_WARN_CONSTANT_CONVERSION = YES;
				CLANG_WARN_DEPRECATED_OBJC_IMPLEMENTATIONS = YES;
				CLANG_WARN_DIRECT_OBJC_ISA_USAGE = YES_ERROR;
				CLANG_WARN_DOCUMENTATION_COMMENTS = YES;
				CLANG_WARN_EMPTY_BODY = YES;
				CLANG_WARN_ENUM_CONVERSION = YES;
				CLANG_WARN_INFINITE_RECURSION = YES;
				CLANG_WARN_INT_CONVERSION = YES;
				CLANG_WARN_NON_LITERAL_NULL_CONVERSION = YES;
				CLANG_WARN_OBJC_IMPLICIT_RETAIN_SELF = YES;
				CLANG_WARN_OBJC_LITERAL_CONVERSION = YES;
				CLANG_WARN_OBJC_ROOT_CLASS = YES_ERROR;
				CLANG_WARN_RANGE_LOOP_ANALYSIS = YES;
				CLANG_WARN_STRICT_PROTOTYPES = YES;
				CLANG_WARN_SUSPICIOUS_MOVE = YES;
				CLANG_WARN_UNGUARDED_AVAILABILITY = YES_AGGRESSIVE;
				CLANG_WARN_UNREACHABLE_CODE = YES;
				CLANG_WARN__DUPLICATE_METHOD_MATCH = YES;
				COPY_PHASE_STRIP = NO;
				DEBUG_INFORMATION_FORMAT = "dwarf-with-dsym";
				ENABLE_NS_ASSERTIONS = NO;
				ENABLE_STRICT_OBJC_MSGSEND = YES;
				GCC_C_LANGUAGE_STANDARD = gnu11;
				GCC_NO_COMMON_BLOCKS = YES;
				GCC_WARN_64_TO_32_BIT_CONVERSION = YES;
				GCC_WARN_ABOUT_RETURN_TYPE = YES_ERROR;
				GCC_WARN_UNDECLARED_SELECTOR = YES;
				GCC_WARN_UNINITIALIZED_AUTOS = YES_AGGRESSIVE;
				GCC_WARN_UNUSED_FUNCTION = YES;
				GCC_WARN_UNUSED_VARIABLE = YES;
				IPHONEOS_DEPLOYMENT_TARGET = 13.2;
				MTL_ENABLE_DEBUG_INFO = NO;
				MTL_FAST_MATH = YES;
				SDKROOT = iphoneos;
				SWIFT_COMPILATION_MODE = wholemodule;
				SWIFT_OPTIMIZATION_LEVEL = "-O";
				VALIDATE_PRODUCT = YES;
			};
			name = Release;
		};
		7987254B248D4C2B00F82618 /* Debug */ = {
			isa = XCBuildConfiguration;
			baseConfigurationReference = 6C9B2D216778CC1723B68B67 /* Pods-DocumentMarketplace.debug.xcconfig */;
			buildSettings = {
				ASSETCATALOG_COMPILER_APPICON_NAME = AppIcon;
				CODE_SIGN_STYLE = Automatic;
				DEVELOPMENT_TEAM = Y596PG2FJ6;
				GCC_NO_COMMON_BLOCKS = NO;
				INFOPLIST_FILE = DocumentMarketplace/Info.plist;
				LD_RUNPATH_SEARCH_PATHS = (
					"$(inherited)",
					"@executable_path/Frameworks",
				);
				PRODUCT_BUNDLE_IDENTIFIER = jstocke2.DocumentMarketplace;
				PRODUCT_NAME = "$(TARGET_NAME)";
				SWIFT_VERSION = 5.0;
				TARGETED_DEVICE_FAMILY = "1,2";
			};
			name = Debug;
		};
		7987254C248D4C2B00F82618 /* Release */ = {
			isa = XCBuildConfiguration;
			baseConfigurationReference = CC8B9E7B4F620A5A413D86CB /* Pods-DocumentMarketplace.release.xcconfig */;
			buildSettings = {
				ASSETCATALOG_COMPILER_APPICON_NAME = AppIcon;
				CODE_SIGN_STYLE = Automatic;
				DEVELOPMENT_TEAM = Y596PG2FJ6;
				GCC_NO_COMMON_BLOCKS = NO;
				INFOPLIST_FILE = DocumentMarketplace/Info.plist;
				LD_RUNPATH_SEARCH_PATHS = (
					"$(inherited)",
					"@executable_path/Frameworks",
				);
				PRODUCT_BUNDLE_IDENTIFIER = jstocke2.DocumentMarketplace;
				PRODUCT_NAME = "$(TARGET_NAME)";
				SWIFT_VERSION = 5.0;
				TARGETED_DEVICE_FAMILY = "1,2";
			};
			name = Release;
		};
/* End XCBuildConfiguration section */

/* Begin XCConfigurationList section */
		79872531248D4C2A00F82618 /* Build configuration list for PBXProject "DocumentMarketplace" */ = {
			isa = XCConfigurationList;
			buildConfigurations = (
				79872548248D4C2B00F82618 /* Debug */,
				79872549248D4C2B00F82618 /* Release */,
			);
			defaultConfigurationIsVisible = 0;
			defaultConfigurationName = Release;
		};
		7987254A248D4C2B00F82618 /* Build configuration list for PBXNativeTarget "DocumentMarketplace" */ = {
			isa = XCConfigurationList;
			buildConfigurations = (
				7987254B248D4C2B00F82618 /* Debug */,
				7987254C248D4C2B00F82618 /* Release */,
			);
			defaultConfigurationIsVisible = 0;
			defaultConfigurationName = Release;
		};
/* End XCConfigurationList section */
	};
	rootObject = 7987252E248D4C2A00F82618 /* Project object */;
}
